// !$*UTF8*$!
{
	archiveVersion = 1;
	classes = {
	};
	objectVersion = 51;
	objects = {

/* Begin PBXBuildFile section */
		97EE91832723001D0035BA7B /* AppDelegate.swift in Sources */ = {isa = PBXBuildFile; fileRef = 97EE91822723001D0035BA7B /* AppDelegate.swift */; };
		97EE91852723001D0035BA7B /* SceneDelegate.swift in Sources */ = {isa = PBXBuildFile; fileRef = 97EE91842723001D0035BA7B /* SceneDelegate.swift */; };
		97EE91872723001D0035BA7B /* ViewController.swift in Sources */ = {isa = PBXBuildFile; fileRef = 97EE91862723001D0035BA7B /* ViewController.swift */; };
		97EE918A2723001D0035BA7B /* Main.storyboard in Resources */ = {isa = PBXBuildFile; fileRef = 97EE91882723001D0035BA7B /* Main.storyboard */; };
		97EE918C2723001E0035BA7B /* Assets.xcassets in Resources */ = {isa = PBXBuildFile; fileRef = 97EE918B2723001E0035BA7B /* Assets.xcassets */; };
		97EE918F2723001E0035BA7B /* LaunchScreen.storyboard in Resources */ = {isa = PBXBuildFile; fileRef = 97EE918D2723001E0035BA7B /* LaunchScreen.storyboard */; };
		EA8D58C873571EB3425C0065 /* Pods_mabpox_convert_issue.framework in Frameworks */ = {isa = PBXBuildFile; fileRef = 5605D01EC9DE874DE8D7BE50 /* Pods_mabpox_convert_issue.framework */; };
/* End PBXBuildFile section */

/* Begin PBXFileReference section */
		5605D01EC9DE874DE8D7BE50 /* Pods_mabpox_convert_issue.framework */ = {isa = PBXFileReference; explicitFileType = wrapper.framework; includeInIndex = 0; path = Pods_mabpox_convert_issue.framework; sourceTree = BUILT_PRODUCTS_DIR; };
		63066B78C7F869A75D318042 /* Pods-mabpox-convert-issue.release.xcconfig */ = {isa = PBXFileReference; includeInIndex = 1; lastKnownFileType = text.xcconfig; name = "Pods-mabpox-convert-issue.release.xcconfig"; path = "Target Support Files/Pods-mabpox-convert-issue/Pods-mabpox-convert-issue.release.xcconfig"; sourceTree = "<group>"; };
		97EE917F2723001D0035BA7B /* mabpox-convert-issue.app */ = {isa = PBXFileReference; explicitFileType = wrapper.application; includeInIndex = 0; path = "mabpox-convert-issue.app"; sourceTree = BUILT_PRODUCTS_DIR; };
		97EE91822723001D0035BA7B /* AppDelegate.swift */ = {isa = PBXFileReference; lastKnownFileType = sourcecode.swift; path = AppDelegate.swift; sourceTree = "<group>"; };
		97EE91842723001D0035BA7B /* SceneDelegate.swift */ = {isa = PBXFileReference; lastKnownFileType = sourcecode.swift; path = SceneDelegate.swift; sourceTree = "<group>"; };
		97EE91862723001D0035BA7B /* ViewController.swift */ = {isa = PBXFileReference; lastKnownFileType = sourcecode.swift; path = ViewController.swift; sourceTree = "<group>"; };
		97EE91892723001D0035BA7B /* Base */ = {isa = PBXFileReference; lastKnownFileType = file.storyboard; name = Base; path = Base.lproj/Main.storyboard; sourceTree = "<group>"; };
		97EE918B2723001E0035BA7B /* Assets.xcassets */ = {isa = PBXFileReference; lastKnownFileType = folder.assetcatalog; path = Assets.xcassets; sourceTree = "<group>"; };
		97EE918E2723001E0035BA7B /* Base */ = {isa = PBXFileReference; lastKnownFileType = file.storyboard; name = Base; path = Base.lproj/LaunchScreen.storyboard; sourceTree = "<group>"; };
		97EE91902723001E0035BA7B /* Info.plist */ = {isa = PBXFileReference; lastKnownFileType = text.plist.xml; path = Info.plist; sourceTree = "<group>"; };
		A0373C4F41336331920D0562 /* Pods-mabpox-convert-issue.debug.xcconfig */ = {isa = PBXFileReference; includeInIndex = 1; lastKnownFileType = text.xcconfig; name = "Pods-mabpox-convert-issue.debug.xcconfig"; path = "Target Support Files/Pods-mabpox-convert-issue/Pods-mabpox-convert-issue.debug.xcconfig"; sourceTree = "<group>"; };
/* End PBXFileReference section */

/* Begin PBXFrameworksBuildPhase section */
		97EE917C2723001D0035BA7B /* Frameworks */ = {
			isa = PBXFrameworksBuildPhase;
			buildActionMask = 2147483647;
			files = (
				EA8D58C873571EB3425C0065 /* Pods_mabpox_convert_issue.framework in Frameworks */,
			);
			runOnlyForDeploymentPostprocessing = 0;
		};
/* End PBXFrameworksBuildPhase section */

/* Begin PBXGroup section */
		5716E3192DDAE03D85240DDB /* Pods */ = {
			isa = PBXGroup;
			children = (
				A0373C4F41336331920D0562 /* Pods-mabpox-convert-issue.debug.xcconfig */,
				63066B78C7F869A75D318042 /* Pods-mabpox-convert-issue.release.xcconfig */,
			);
			path = Pods;
			sourceTree = "<group>";
		};
		95359E8AE07D153095D4426E /* Frameworks */ = {
			isa = PBXGroup;
			children = (
				5605D01EC9DE874DE8D7BE50 /* Pods_mabpox_convert_issue.framework */,
			);
			name = Frameworks;
			sourceTree = "<group>";
		};
		97EE91762723001D0035BA7B = {
			isa = PBXGroup;
			children = (
				97EE91812723001D0035BA7B /* mabpox-convert-issue */,
				97EE91802723001D0035BA7B /* Products */,
				5716E3192DDAE03D85240DDB /* Pods */,
				95359E8AE07D153095D4426E /* Frameworks */,
			);
			sourceTree = "<group>";
		};
		97EE91802723001D0035BA7B /* Products */ = {
			isa = PBXGroup;
			children = (
				97EE917F2723001D0035BA7B /* mabpox-convert-issue.app */,
			);
			name = Products;
			sourceTree = "<group>";
		};
		97EE91812723001D0035BA7B /* mabpox-convert-issue */ = {
			isa = PBXGroup;
			children = (
				97EE919A272351E70035BA7B /* Supporting Files */,
				97EE9199272351DC0035BA7B /* Delegates */,
				97EE9198272351D20035BA7B /* Views */,
				97EE91862723001D0035BA7B /* ViewController.swift */,
				97EE91902723001E0035BA7B /* Info.plist */,
			);
			path = "mabpox-convert-issue";
			sourceTree = "<group>";
		};
		97EE9198272351D20035BA7B /* Views */ = {
			isa = PBXGroup;
			children = (
				97EE91882723001D0035BA7B /* Main.storyboard */,
				97EE918D2723001E0035BA7B /* LaunchScreen.storyboard */,
			);
			path = Views;
			sourceTree = "<group>";
		};
		97EE9199272351DC0035BA7B /* Delegates */ = {
			isa = PBXGroup;
			children = (
				97EE91822723001D0035BA7B /* AppDelegate.swift */,
				97EE91842723001D0035BA7B /* SceneDelegate.swift */,
			);
			path = Delegates;
			sourceTree = "<group>";
		};
		97EE919A272351E70035BA7B /* Supporting Files */ = {
			isa = PBXGroup;
			children = (
				97EE918B2723001E0035BA7B /* Assets.xcassets */,
			);
			path = "Supporting Files";
			sourceTree = "<group>";
		};
/* End PBXGroup section */

/* Begin PBXNativeTarget section */
		97EE917E2723001D0035BA7B /* mabpox-convert-issue */ = {
			isa = PBXNativeTarget;
			buildConfigurationList = 97EE91932723001E0035BA7B /* Build configuration list for PBXNativeTarget "mabpox-convert-issue" */;
			buildPhases = (
				0C0034767BE415DB34BC8ED4 /* [CP] Check Pods Manifest.lock */,
				97EE917B2723001D0035BA7B /* Sources */,
				97EE917C2723001D0035BA7B /* Frameworks */,
				97EE917D2723001D0035BA7B /* Resources */,
				C84FE9344BFA80CC2C7141FE /* [CP] Embed Pods Frameworks */,
			);
			buildRules = (
			);
			dependencies = (
			);
			name = "mabpox-convert-issue";
			productName = "mabpox-convert-issue";
			productReference = 97EE917F2723001D0035BA7B /* mabpox-convert-issue.app */;
			productType = "com.apple.product-type.application";
		};
/* End PBXNativeTarget section */

/* Begin PBXProject section */
		97EE91772723001D0035BA7B /* Project object */ = {
			isa = PBXProject;
			attributes = {
				LastSwiftUpdateCheck = 1250;
				LastUpgradeCheck = 1250;
				TargetAttributes = {
					97EE917E2723001D0035BA7B = {
						CreatedOnToolsVersion = 12.5.1;
					};
				};
			};
			buildConfigurationList = 97EE917A2723001D0035BA7B /* Build configuration list for PBXProject "mabpox-convert-issue" */;
			compatibilityVersion = "Xcode 9.3";
			developmentRegion = en;
			hasScannedForEncodings = 0;
			knownRegions = (
				en,
				Base,
			);
			mainGroup = 97EE91762723001D0035BA7B;
			productRefGroup = 97EE91802723001D0035BA7B /* Products */;
			projectDirPath = "";
			projectRoot = "";
			targets = (
				97EE917E2723001D0035BA7B /* mabpox-convert-issue */,
			);
		};
/* End PBXProject section */

/* Begin PBXResourcesBuildPhase section */
		97EE917D2723001D0035BA7B /* Resources */ = {
			isa = PBXResourcesBuildPhase;
			buildActionMask = 2147483647;
			files = (
				97EE918F2723001E0035BA7B /* LaunchScreen.storyboard in Resources */,
				97EE918C2723001E0035BA7B /* Assets.xcassets in Resources */,
				97EE918A2723001D0035BA7B /* Main.storyboard in Resources */,
			);
			runOnlyForDeploymentPostprocessing = 0;
		};
/* End PBXResourcesBuildPhase section */

/* Begin PBXShellScriptBuildPhase section */
		0C0034767BE415DB34BC8ED4 /* [CP] Check Pods Manifest.lock */ = {
			isa = PBXShellScriptBuildPhase;
			buildActionMask = 2147483647;
			files = (
			);
			inputFileListPaths = (
			);
			inputPaths = (
				"${PODS_PODFILE_DIR_PATH}/Podfile.lock",
				"${PODS_ROOT}/Manifest.lock",
			);
			name = "[CP] Check Pods Manifest.lock";
			outputFileListPaths = (
			);
			outputPaths = (
				"$(DERIVED_FILE_DIR)/Pods-mabpox-convert-issue-checkManifestLockResult.txt",
			);
			runOnlyForDeploymentPostprocessing = 0;
			shellPath = /bin/sh;
			shellScript = "diff \"${PODS_PODFILE_DIR_PATH}/Podfile.lock\" \"${PODS_ROOT}/Manifest.lock\" > /dev/null\nif [ $? != 0 ] ; then\n    # print error to STDERR\n    echo \"error: The sandbox is not in sync with the Podfile.lock. Run 'pod install' or update your CocoaPods installation.\" >&2\n    exit 1\nfi\n# This output is used by Xcode 'outputs' to avoid re-running this script phase.\necho \"SUCCESS\" > \"${SCRIPT_OUTPUT_FILE_0}\"\n";
			showEnvVarsInLog = 0;
		};
		C84FE9344BFA80CC2C7141FE /* [CP] Embed Pods Frameworks */ = {
			isa = PBXShellScriptBuildPhase;
			buildActionMask = 2147483647;
			files = (
			);
			inputFileListPaths = (
				"${PODS_ROOT}/Target Support Files/Pods-mabpox-convert-issue/Pods-mabpox-convert-issue-frameworks-${CONFIGURATION}-input-files.xcfilelist",
			);
			name = "[CP] Embed Pods Frameworks";
			outputFileListPaths = (
				"${PODS_ROOT}/Target Support Files/Pods-mabpox-convert-issue/Pods-mabpox-convert-issue-frameworks-${CONFIGURATION}-output-files.xcfilelist",
			);
			runOnlyForDeploymentPostprocessing = 0;
			shellPath = /bin/sh;
			shellScript = "\"${PODS_ROOT}/Target Support Files/Pods-mabpox-convert-issue/Pods-mabpox-convert-issue-frameworks.sh\"\n";
			showEnvVarsInLog = 0;
		};
/* End PBXShellScriptBuildPhase section */

/* Begin PBXSourcesBuildPhase section */
		97EE917B2723001D0035BA7B /* Sources */ = {
			isa = PBXSourcesBuildPhase;
			buildActionMask = 2147483647;
			files = (
				97EE91872723001D0035BA7B /* ViewController.swift in Sources */,
				97EE91832723001D0035BA7B /* AppDelegate.swift in Sources */,
				97EE91852723001D0035BA7B /* SceneDelegate.swift in Sources */,
			);
			runOnlyForDeploymentPostprocessing = 0;
		};
/* End PBXSourcesBuildPhase section */

/* Begin PBXVariantGroup section */
		97EE91882723001D0035BA7B /* Main.storyboard */ = {
			isa = PBXVariantGroup;
			children = (
				97EE91892723001D0035BA7B /* Base */,
			);
			name = Main.storyboard;
			sourceTree = "<group>";
		};
		97EE918D2723001E0035BA7B /* LaunchScreen.storyboard */ = {
			isa = PBXVariantGroup;
			children = (
				97EE918E2723001E0035BA7B /* Base */,
			);
			name = LaunchScreen.storyboard;
			sourceTree = "<group>";
		};
/* End PBXVariantGroup section */

/* Begin XCBuildConfiguration section */
		97EE91912723001E0035BA7B /* Debug */ = {
			isa = XCBuildConfiguration;
			buildSettings = {
				ALWAYS_SEARCH_USER_PATHS = NO;
				CLANG_ANALYZER_NONNULL = YES;
				CLANG_ANALYZER_NUMBER_OBJECT_CONVERSION = YES_AGGRESSIVE;
				CLANG_CXX_LANGUAGE_STANDARD = "gnu++14";
				CLANG_CXX_LIBRARY = "libc++";
				CLANG_ENABLE_MODULES = YES;
				CLANG_ENABLE_OBJC_ARC = YES;
				CLANG_ENABLE_OBJC_WEAK = YES;
				CLANG_WARN_BLOCK_CAPTURE_AUTORELEASING = YES;
				CLANG_WARN_BOOL_CONVERSION = YES;
				CLANG_WARN_COMMA = YES;
				CLANG_WARN_CONSTANT_CONVERSION = YES;
				CLANG_WARN_DEPRECATED_OBJC_IMPLEMENTATIONS = YES;
				CLANG_WARN_DIRECT_OBJC_ISA_USAGE = YES_ERROR;
				CLANG_WARN_DOCUMENTATION_COMMENTS = YES;
				CLANG_WARN_EMPTY_BODY = YES;
				CLANG_WARN_ENUM_CONVERSION = YES;
				CLANG_WARN_INFINITE_RECURSION = YES;
				CLANG_WARN_INT_CONVERSION = YES;
				CLANG_WARN_NON_LITERAL_NULL_CONVERSION = YES;
				CLANG_WARN_OBJC_IMPLICIT_RETAIN_SELF = YES;
				CLANG_WARN_OBJC_LITERAL_CONVERSION = YES;
				CLANG_WARN_OBJC_ROOT_CLASS = YES_ERROR;
				CLANG_WARN_QUOTED_INCLUDE_IN_FRAMEWORK_HEADER = YES;
				CLANG_WARN_RANGE_LOOP_ANALYSIS = YES;
				CLANG_WARN_STRICT_PROTOTYPES = YES;
				CLANG_WARN_SUSPICIOUS_MOVE = YES;
				CLANG_WARN_UNGUARDED_AVAILABILITY = YES_AGGRESSIVE;
				CLANG_WARN_UNREACHABLE_CODE = YES;
				CLANG_WARN__DUPLICATE_METHOD_MATCH = YES;
				COPY_PHASE_STRIP = NO;
				DEBUG_INFORMATION_FORMAT = dwarf;
				ENABLE_STRICT_OBJC_MSGSEND = YES;
				ENABLE_TESTABILITY = YES;
				GCC_C_LANGUAGE_STANDARD = gnu11;
				GCC_DYNAMIC_NO_PIC = NO;
				GCC_NO_COMMON_BLOCKS = YES;
				GCC_OPTIMIZATION_LEVEL = 0;
				GCC_PREPROCESSOR_DEFINITIONS = (
					"DEBUG=1",
					"$(inherited)",
				);
				GCC_WARN_64_TO_32_BIT_CONVERSION = YES;
				GCC_WARN_ABOUT_RETURN_TYPE = YES_ERROR;
				GCC_WARN_UNDECLARED_SELECTOR = YES;
				GCC_WARN_UNINITIALIZED_AUTOS = YES_AGGRESSIVE;
				GCC_WARN_UNUSED_FUNCTION = YES;
				GCC_WARN_UNUSED_VARIABLE = YES;
				IPHONEOS_DEPLOYMENT_TARGET = 13.0;
				MTL_ENABLE_DEBUG_INFO = INCLUDE_SOURCE;
				MTL_FAST_MATH = YES;
				ONLY_ACTIVE_ARCH = YES;
				SDKROOT = iphoneos;
				SWIFT_ACTIVE_COMPILATION_CONDITIONS = DEBUG;
				SWIFT_OPTIMIZATION_LEVEL = "-Onone";
			};
			name = Debug;
		};
		97EE91922723001E0035BA7B /* Release */ = {
			isa = XCBuildConfiguration;
			buildSettings = {
				ALWAYS_SEARCH_USER_PATHS = NO;
				CLANG_ANALYZER_NONNULL = YES;
				CLANG_ANALYZER_NUMBER_OBJECT_CONVERSION = YES_AGGRESSIVE;
				CLANG_CXX_LANGUAGE_STANDARD = "gnu++14";
				CLANG_CXX_LIBRARY = "libc++";
				CLANG_ENABLE_MODULES = YES;
				CLANG_ENABLE_OBJC_ARC = YES;
				CLANG_ENABLE_OBJC_WEAK = YES;
				CLANG_WARN_BLOCK_CAPTURE_AUTORELEASING = YES;
				CLANG_WARN_BOOL_CONVERSION = YES;
				CLANG_WARN_COMMA = YES;
				CLANG_WARN_CONSTANT_CONVERSION = YES;
				CLANG_WARN_DEPRECATED_OBJC_IMPLEMENTATIONS = YES;
				CLANG_WARN_DIRECT_OBJC_ISA_USAGE = YES_ERROR;
				CLANG_WARN_DOCUMENTATION_COMMENTS = YES;
				CLANG_WARN_EMPTY_BODY = YES;
				CLANG_WARN_ENUM_CONVERSION = YES;
				CLANG_WARN_INFINITE_RECURSION = YES;
				CLANG_WARN_INT_CONVERSION = YES;
				CLANG_WARN_NON_LITERAL_NULL_CONVERSION = YES;
				CLANG_WARN_OBJC_IMPLICIT_RETAIN_SELF = YES;
				CLANG_WARN_OBJC_LITERAL_CONVERSION = YES;
				CLANG_WARN_OBJC_ROOT_CLASS = YES_ERROR;
				CLANG_WARN_QUOTED_INCLUDE_IN_FRAMEWORK_HEADER = YES;
				CLANG_WARN_RANGE_LOOP_ANALYSIS = YES;
				CLANG_WARN_STRICT_PROTOTYPES = YES;
				CLANG_WARN_SUSPICIOUS_MOVE = YES;
				CLANG_WARN_UNGUARDED_AVAILABILITY = YES_AGGRESSIVE;
				CLANG_WARN_UNREACHABLE_CODE = YES;
				CLANG_WARN__DUPLICATE_METHOD_MATCH = YES;
				COPY_PHASE_STRIP = NO;
				DEBUG_INFORMATION_FORMAT = "dwarf-with-dsym";
				ENABLE_NS_ASSERTIONS = NO;
				ENABLE_STRICT_OBJC_MSGSEND = YES;
				GCC_C_LANGUAGE_STANDARD = gnu11;
				GCC_NO_COMMON_BLOCKS = YES;
				GCC_WARN_64_TO_32_BIT_CONVERSION = YES;
				GCC_WARN_ABOUT_RETURN_TYPE = YES_ERROR;
				GCC_WARN_UNDECLARED_SELECTOR = YES;
				GCC_WARN_UNINITIALIZED_AUTOS = YES_AGGRESSIVE;
				GCC_WARN_UNUSED_FUNCTION = YES;
				GCC_WARN_UNUSED_VARIABLE = YES;
				IPHONEOS_DEPLOYMENT_TARGET = 13.0;
				MTL_ENABLE_DEBUG_INFO = NO;
				MTL_FAST_MATH = YES;
				SDKROOT = iphoneos;
				SWIFT_COMPILATION_MODE = wholemodule;
				SWIFT_OPTIMIZATION_LEVEL = "-O";
				VALIDATE_PRODUCT = YES;
			};
			name = Release;
		};
		97EE91942723001E0035BA7B /* Debug */ = {
			isa = XCBuildConfiguration;
			baseConfigurationReference = A0373C4F41336331920D0562 /* Pods-mabpox-convert-issue.debug.xcconfig */;
			buildSettings = {
				ASSETCATALOG_COMPILER_APPICON_NAME = AppIcon;
				ASSETCATALOG_COMPILER_GLOBAL_ACCENT_COLOR_NAME = AccentColor;
				CODE_SIGN_STYLE = Automatic;
				DEVELOPMENT_TEAM = MS3LY2W55D;
				INFOPLIST_FILE = "mabpox-convert-issue/Info.plist";
				IPHONEOS_DEPLOYMENT_TARGET = 13.0;
				LD_RUNPATH_SEARCH_PATHS = (
					"$(inherited)",
					"@executable_path/Frameworks",
				);
				PRODUCT_BUNDLE_IDENTIFIER = "com.test.mabpox-convert-issue";
				PRODUCT_NAME = "$(TARGET_NAME)";
				SWIFT_VERSION = 5.0;
				TARGETED_DEVICE_FAMILY = 1;
			};
			name = Debug;
		};
		97EE91952723001E0035BA7B /* Release */ = {
			isa = XCBuildConfiguration;
			baseConfigurationReference = 63066B78C7F869A75D318042 /* Pods-mabpox-convert-issue.release.xcconfig */;
			buildSettings = {
				ASSETCATALOG_COMPILER_APPICON_NAME = AppIcon;
				ASSETCATALOG_COMPILER_GLOBAL_ACCENT_COLOR_NAME = AccentColor;
				CODE_SIGN_STYLE = Automatic;
				DEVELOPMENT_TEAM = MS3LY2W55D;
				INFOPLIST_FILE = "mabpox-convert-issue/Info.plist";
				IPHONEOS_DEPLOYMENT_TARGET = 13.0;
				LD_RUNPATH_SEARCH_PATHS = (
					"$(inherited)",
					"@executable_path/Frameworks",
				);
				PRODUCT_BUNDLE_IDENTIFIER = "com.test.mabpox-convert-issue";
				PRODUCT_NAME = "$(TARGET_NAME)";
				SWIFT_VERSION = 5.0;
				TARGETED_DEVICE_FAMILY = 1;
			};
			name = Release;
		};
/* End XCBuildConfiguration section */

/* Begin XCConfigurationList section */
		97EE917A2723001D0035BA7B /* Build configuration list for PBXProject "mabpox-convert-issue" */ = {
			isa = XCConfigurationList;
			buildConfigurations = (
				97EE91912723001E0035BA7B /* Debug */,
				97EE91922723001E0035BA7B /* Release */,
			);
			defaultConfigurationIsVisible = 0;
			defaultConfigurationName = Release;
		};
		97EE91932723001E0035BA7B /* Build configuration list for PBXNativeTarget "mabpox-convert-issue" */ = {
			isa = XCConfigurationList;
			buildConfigurations = (
				97EE91942723001E0035BA7B /* Debug */,
				97EE91952723001E0035BA7B /* Release */,
			);
			defaultConfigurationIsVisible = 0;
			defaultConfigurationName = Release;
		};
/* End XCConfigurationList section */
	};
	rootObject = 97EE91772723001D0035BA7B /* Project object */;
}
